
Microsoft Visual Studio Solution File, Format Version 12.00
# Visual Studio Version 16
VisualStudioVersion = 16.0.29009.5
MinimumVisualStudioVersion = 10.0.40219.1
Project("{FAE04EC0-301F-11D3-BF4B-00C04F79EFBC}") = "Capri.Web", "Capri.Web\Capri.Web.csproj", "{8DFFA077-5089-4236-B474-DF78F0CCCD1E}"
EndProject
Global
	GlobalSection(SolutionConfigurationPlatforms) = preSolution
		Debug|Any CPU = Debug|Any CPU
		Release|Any CPU = Release|Any CPU
	EndGlobalSection
	GlobalSection(ProjectConfigurationPlatforms) = postSolution
		{8DFFA077-5089-4236-B474-DF78F0CCCD1E}.Debug|Any CPU.ActiveCfg = Debug|Any CPU
		{8DFFA077-5089-4236-B474-DF78F0CCCD1E}.Debug|Any CPU.Build.0 = Debug|Any CPU
		{8DFFA077-5089-4236-B474-DF78F0CCCD1E}.Release|Any CPU.ActiveCfg = Release|Any CPU
		{8DFFA077-5089-4236-B474-DF78F0CCCD1E}.Release|Any CPU.Build.0 = Release|Any CPU
	EndGlobalSection
	GlobalSection(SolutionProperties) = preSolution
		HideSolutionNode = FALSE
	EndGlobalSection
	GlobalSection(ExtensibilityGlobals) = postSolution
		SolutionGuid = {E02F0160-B478-45E5-AFB5-D56444CC3C3D}
	EndGlobalSection
EndGlobal
