
Microsoft Visual Studio Solution File, Format Version 12.00
# Visual Studio Version 16
VisualStudioVersion = 16.0.29009.5
MinimumVisualStudioVersion = 10.0.40219.1
Project("{9A19103F-16F7-4668-BE54-9A1E7A4F7556}") = "Capri.Web", "Capri.Web\Capri.Web.csproj", "{8DFFA077-5089-4236-B474-DF78F0CCCD1E}"
EndProject
Project("{9A19103F-16F7-4668-BE54-9A1E7A4F7556}") = "Capri.DataLayer", "Capri.DataLayer\Capri.DataLayer.csproj", "{0F98AE3A-6C9A-4ACC-9292-FA676F646491}"
EndProject
Project("{9A19103F-16F7-4668-BE54-9A1E7A4F7556}") = "Capri.Database", "Capri.Database\Capri.Database.csproj", "{8D5C67D2-E1BE-4267-B40A-7401996140B1}"
EndProject
Project("{FAE04EC0-301F-11D3-BF4B-00C04F79EFBC}") = "Capri.Web.Services", "Capri.Web.Services\Capri.Web.Services.csproj", "{58EE9843-C262-42B6-8E45-47D70981358F}"
EndProject
Global
	GlobalSection(SolutionConfigurationPlatforms) = preSolution
		Debug|Any CPU = Debug|Any CPU
		Release|Any CPU = Release|Any CPU
	EndGlobalSection
	GlobalSection(ProjectConfigurationPlatforms) = postSolution
		{8DFFA077-5089-4236-B474-DF78F0CCCD1E}.Debug|Any CPU.ActiveCfg = Debug|Any CPU
		{8DFFA077-5089-4236-B474-DF78F0CCCD1E}.Debug|Any CPU.Build.0 = Debug|Any CPU
		{8DFFA077-5089-4236-B474-DF78F0CCCD1E}.Release|Any CPU.ActiveCfg = Release|Any CPU
		{8DFFA077-5089-4236-B474-DF78F0CCCD1E}.Release|Any CPU.Build.0 = Release|Any CPU
		{0F98AE3A-6C9A-4ACC-9292-FA676F646491}.Debug|Any CPU.ActiveCfg = Debug|Any CPU
		{0F98AE3A-6C9A-4ACC-9292-FA676F646491}.Debug|Any CPU.Build.0 = Debug|Any CPU
		{0F98AE3A-6C9A-4ACC-9292-FA676F646491}.Release|Any CPU.ActiveCfg = Release|Any CPU
		{0F98AE3A-6C9A-4ACC-9292-FA676F646491}.Release|Any CPU.Build.0 = Release|Any CPU
		{8D5C67D2-E1BE-4267-B40A-7401996140B1}.Debug|Any CPU.ActiveCfg = Debug|Any CPU
		{8D5C67D2-E1BE-4267-B40A-7401996140B1}.Debug|Any CPU.Build.0 = Debug|Any CPU
		{8D5C67D2-E1BE-4267-B40A-7401996140B1}.Release|Any CPU.ActiveCfg = Release|Any CPU
		{8D5C67D2-E1BE-4267-B40A-7401996140B1}.Release|Any CPU.Build.0 = Release|Any CPU
		{58EE9843-C262-42B6-8E45-47D70981358F}.Debug|Any CPU.ActiveCfg = Debug|Any CPU
		{58EE9843-C262-42B6-8E45-47D70981358F}.Debug|Any CPU.Build.0 = Debug|Any CPU
		{58EE9843-C262-42B6-8E45-47D70981358F}.Release|Any CPU.ActiveCfg = Release|Any CPU
		{58EE9843-C262-42B6-8E45-47D70981358F}.Release|Any CPU.Build.0 = Release|Any CPU
	EndGlobalSection
	GlobalSection(SolutionProperties) = preSolution
		HideSolutionNode = FALSE
	EndGlobalSection
	GlobalSection(ExtensibilityGlobals) = postSolution
		SolutionGuid = {E02F0160-B478-45E5-AFB5-D56444CC3C3D}
	EndGlobalSection
EndGlobal
